{
    "_readme": [
        "This file locks the dependencies of your project to a known state",
        "Read more about it at https://getcomposer.org/doc/01-basic-usage.md#installing-dependencies",
        "This file is @generated automatically"
    ],
    "content-hash": "d1a53121be77f0e637a89c220b06a8bd",
    "packages": [
        {
            "name": "daydreamlab/observer",
            "version": "dev-master",
            "source": {
                "type": "git",
                "url": "git@github.com:DaydreamLab/Observer.git",
                "reference": "b31bb153fbbc2e4b2731a0c47f78b6743ca1eb7d"
            },
            "dist": {
                "type": "zip",
                "url": "https://api.github.com/repos/DaydreamLab/Observer/zipball/b31bb153fbbc2e4b2731a0c47f78b6743ca1eb7d",
                "reference": "b31bb153fbbc2e4b2731a0c47f78b6743ca1eb7d",
                "shasum": ""
            },
            "require": {
                "daydreamlab/jjaj": "dev-master"
            },
            "type": "library",
            "extra": {
                "laravel": {
                    "providers": [
                        "DaydreamLab\\Observer\\ObserverServiceProvider"
                    ]
                }
            },
            "autoload": {
                "classmap": [],
                "psr-4": {
                    "DaydreamLab\\Observer\\": "src/"
                }
            },
            "authors": [
                {
                    "name": "Jordan Tsai",
                    "email": "jordan@daydream-lab.com"
                }
            ],
            "description": "DaydreamLab Observer",
            "support": {
                "source": "https://github.com/DaydreamLab/Observer/tree/master",
                "issues": "https://github.com/DaydreamLab/Observer/issues"
            },
            "time": "2019-05-31T04:53:39+00:00"
        }
    ],
    "packages-dev": [],
    "aliases": [],
    "minimum-stability": "dev",
    "stability-flags": {
        "daydreamlab/observer": 20
    },
    "prefer-stable": false,
    "prefer-lowest": false,
    "platform": [],
    "platform-dev": []
}
